// !$*UTF8*$!
{
	archiveVersion = 1;
	classes = {
	};
	objectVersion = 46;
	objects = {

/* Begin PBXBuildFile section */
		C70BAB9E1C4C41BA003125AE /* AppDelegate.swift in Sources */ = {isa = PBXBuildFile; fileRef = C70BAB9D1C4C41BA003125AE /* AppDelegate.swift */; };
		C70BABA01C4C41BA003125AE /* ViewController.swift in Sources */ = {isa = PBXBuildFile; fileRef = C70BAB9F1C4C41BA003125AE /* ViewController.swift */; };
		C70BABA51C4C41BA003125AE /* Assets.xcassets in Resources */ = {isa = PBXBuildFile; fileRef = C70BABA41C4C41BA003125AE /* Assets.xcassets */; };
		C70BABA81C4C41BA003125AE /* LaunchScreen.storyboard in Resources */ = {isa = PBXBuildFile; fileRef = C70BABA61C4C41BA003125AE /* LaunchScreen.storyboard */; };
/* End PBXBuildFile section */

/* Begin PBXFileReference section */
		C70BAB9A1C4C41BA003125AE /* BuildUICollectionViewProg.app */ = {isa = PBXFileReference; explicitFileType = wrapper.application; includeInIndex = 0; path = BuildUICollectionViewProg.app; sourceTree = BUILT_PRODUCTS_DIR; };
		C70BAB9D1C4C41BA003125AE /* AppDelegate.swift */ = {isa = PBXFileReference; lastKnownFileType = sourcecode.swift; path = AppDelegate.swift; sourceTree = "<group>"; };
		C70BAB9F1C4C41BA003125AE /* ViewController.swift */ = {isa = PBXFileReference; lastKnownFileType = sourcecode.swift; path = ViewController.swift; sourceTree = "<group>"; };
		C70BABA41C4C41BA003125AE /* Assets.xcassets */ = {isa = PBXFileReference; lastKnownFileType = folder.assetcatalog; path = Assets.xcassets; sourceTree = "<group>"; };
		C70BABA71C4C41BA003125AE /* Base */ = {isa = PBXFileReference; lastKnownFileType = file.storyboard; name = Base; path = Base.lproj/LaunchScreen.storyboard; sourceTree = "<group>"; };
		C70BABA91C4C41BA003125AE /* Info.plist */ = {isa = PBXFileReference; lastKnownFileType = text.plist.xml; path = Info.plist; sourceTree = "<group>"; };
/* End PBXFileReference section */

/* Begin PBXFrameworksBuildPhase section */
		C70BAB971C4C41BA003125AE /* Frameworks */ = {
			isa = PBXFrameworksBuildPhase;
			buildActionMask = 2147483647;
			files = (
			);
			runOnlyForDeploymentPostprocessing = 0;
		};
/* End PBXFrameworksBuildPhase section */

/* Begin PBXGroup section */
		C70BAB911C4C41BA003125AE = {
			isa = PBXGroup;
			children = (
				C70BAB9C1C4C41BA003125AE /* BuildUICollectionViewProg */,
				C70BAB9B1C4C41BA003125AE /* Products */,
			);
			sourceTree = "<group>";
		};
		C70BAB9B1C4C41BA003125AE /* Products */ = {
			isa = PBXGroup;
			children = (
				C70BAB9A1C4C41BA003125AE /* BuildUICollectionViewProg.app */,
			);
			name = Products;
			sourceTree = "<group>";
		};
		C70BAB9C1C4C41BA003125AE /* BuildUICollectionViewProg */ = {
			isa = PBXGroup;
			children = (
				C70BAB9D1C4C41BA003125AE /* AppDelegate.swift */,
				C70BAB9F1C4C41BA003125AE /* ViewController.swift */,
				C70BABA41C4C41BA003125AE /* Assets.xcassets */,
				C70BABA61C4C41BA003125AE /* LaunchScreen.storyboard */,
				C70BABA91C4C41BA003125AE /* Info.plist */,
			);
			path = BuildUICollectionViewProg;
			sourceTree = "<group>";
		};
/* End PBXGroup section */

/* Begin PBXNativeTarget section */
		C70BAB991C4C41BA003125AE /* BuildUICollectionViewProg */ = {
			isa = PBXNativeTarget;
			buildConfigurationList = C70BABAC1C4C41BA003125AE /* Build configuration list for PBXNativeTarget "BuildUICollectionViewProg" */;
			buildPhases = (
				C70BAB961C4C41BA003125AE /* Sources */,
				C70BAB971C4C41BA003125AE /* Frameworks */,
				C70BAB981C4C41BA003125AE /* Resources */,
			);
			buildRules = (
			);
			dependencies = (
			);
			name = BuildUICollectionViewProg;
			productName = BuildUICollectionViewProg;
			productReference = C70BAB9A1C4C41BA003125AE /* BuildUICollectionViewProg.app */;
			productType = "com.apple.product-type.application";
		};
/* End PBXNativeTarget section */

/* Begin PBXProject section */
		C70BAB921C4C41BA003125AE /* Project object */ = {
			isa = PBXProject;
			attributes = {
				LastSwiftUpdateCheck = 0720;
				LastUpgradeCheck = 0720;
				ORGANIZATIONNAME = mobilefifteen;
				TargetAttributes = {
					C70BAB991C4C41BA003125AE = {
						CreatedOnToolsVersion = 7.2;
					};
				};
			};
			buildConfigurationList = C70BAB951C4C41BA003125AE /* Build configuration list for PBXProject "BuildUICollectionViewProg" */;
			compatibilityVersion = "Xcode 3.2";
			developmentRegion = English;
			hasScannedForEncodings = 0;
			knownRegions = (
				en,
				Base,
			);
			mainGroup = C70BAB911C4C41BA003125AE;
			productRefGroup = C70BAB9B1C4C41BA003125AE /* Products */;
			projectDirPath = "";
			projectRoot = "";
			targets = (
				C70BAB991C4C41BA003125AE /* BuildUICollectionViewProg */,
			);
		};
/* End PBXProject section */

/* Begin PBXResourcesBuildPhase section */
		C70BAB981C4C41BA003125AE /* Resources */ = {
			isa = PBXResourcesBuildPhase;
			buildActionMask = 2147483647;
			files = (
				C70BABA81C4C41BA003125AE /* LaunchScreen.storyboard in Resources */,
				C70BABA51C4C41BA003125AE /* Assets.xcassets in Resources */,
			);
			runOnlyForDeploymentPostprocessing = 0;
		};
/* End PBXResourcesBuildPhase section */

/* Begin PBXSourcesBuildPhase section */
		C70BAB961C4C41BA003125AE /* Sources */ = {
			isa = PBXSourcesBuildPhase;
			buildActionMask = 2147483647;
			files = (
				C70BABA01C4C41BA003125AE /* ViewController.swift in Sources */,
				C70BAB9E1C4C41BA003125AE /* AppDelegate.swift in Sources */,
			);
			runOnlyForDeploymentPostprocessing = 0;
		};
/* End PBXSourcesBuildPhase section */

/* Begin PBXVariantGroup section */
		C70BABA61C4C41BA003125AE /* LaunchScreen.storyboard */ = {
			isa = PBXVariantGroup;
			children = (
				C70BABA71C4C41BA003125AE /* Base */,
			);
			name = LaunchScreen.storyboard;
			sourceTree = "<group>";
		};
/* End PBXVariantGroup section */

/* Begin XCBuildConfiguration section */
		C70BABAA1C4C41BA003125AE /* Debug */ = {
			isa = XCBuildConfiguration;
			buildSettings = {
				ALWAYS_SEARCH_USER_PATHS = NO;
				CLANG_CXX_LANGUAGE_STANDARD = "gnu++0x";
				CLANG_CXX_LIBRARY = "libc++";
				CLANG_ENABLE_MODULES = YES;
				CLANG_ENABLE_OBJC_ARC = YES;
				CLANG_WARN_BOOL_CONVERSION = YES;
				CLANG_WARN_CONSTANT_CONVERSION = YES;
				CLANG_WARN_DIRECT_OBJC_ISA_USAGE = YES_ERROR;
				CLANG_WARN_EMPTY_BODY = YES;
				CLANG_WARN_ENUM_CONVERSION = YES;
				CLANG_WARN_INT_CONVERSION = YES;
				CLANG_WARN_OBJC_ROOT_CLASS = YES_ERROR;
				CLANG_WARN_UNREACHABLE_CODE = YES;
				CLANG_WARN__DUPLICATE_METHOD_MATCH = YES;
				"CODE_SIGN_IDENTITY[sdk=iphoneos*]" = "iPhone Developer";
				COPY_PHASE_STRIP = NO;
				DEBUG_INFORMATION_FORMAT = dwarf;
				ENABLE_STRICT_OBJC_MSGSEND = YES;
				ENABLE_TESTABILITY = YES;
				GCC_C_LANGUAGE_STANDARD = gnu99;
				GCC_DYNAMIC_NO_PIC = NO;
				GCC_NO_COMMON_BLOCKS = YES;
				GCC_OPTIMIZATION_LEVEL = 0;
				GCC_PREPROCESSOR_DEFINITIONS = (
					"DEBUG=1",
					"$(inherited)",
				);
				GCC_WARN_64_TO_32_BIT_CONVERSION = YES;
				GCC_WARN_ABOUT_RETURN_TYPE = YES_ERROR;
				GCC_WARN_UNDECLARED_SELECTOR = YES;
				GCC_WARN_UNINITIALIZED_AUTOS = YES_AGGRESSIVE;
				GCC_WARN_UNUSED_FUNCTION = YES;
				GCC_WARN_UNUSED_VARIABLE = YES;
				IPHONEOS_DEPLOYMENT_TARGET = 9.2;
				MTL_ENABLE_DEBUG_INFO = YES;
				ONLY_ACTIVE_ARCH = YES;
				SDKROOT = iphoneos;
				SWIFT_OPTIMIZATION_LEVEL = "-Onone";
				TARGETED_DEVICE_FAMILY = "1,2";
			};
			name = Debug;
		};
		C70BABAB1C4C41BA003125AE /* Release */ = {
			isa = XCBuildConfiguration;
			buildSettings = {
				ALWAYS_SEARCH_USER_PATHS = NO;
				CLANG_CXX_LANGUAGE_STANDARD = "gnu++0x";
				CLANG_CXX_LIBRARY = "libc++";
				CLANG_ENABLE_MODULES = YES;
				CLANG_ENABLE_OBJC_ARC = YES;
				CLANG_WARN_BOOL_CONVERSION = YES;
				CLANG_WARN_CONSTANT_CONVERSION = YES;
				CLANG_WARN_DIRECT_OBJC_ISA_USAGE = YES_ERROR;
				CLANG_WARN_EMPTY_BODY = YES;
				CLANG_WARN_ENUM_CONVERSION = YES;
				CLANG_WARN_INT_CONVERSION = YES;
				CLANG_WARN_OBJC_ROOT_CLASS = YES_ERROR;
				CLANG_WARN_UNREACHABLE_CODE = YES;
				CLANG_WARN__DUPLICATE_METHOD_MATCH = YES;
				"CODE_SIGN_IDENTITY[sdk=iphoneos*]" = "iPhone Developer";
				COPY_PHASE_STRIP = NO;
				DEBUG_INFORMATION_FORMAT = "dwarf-with-dsym";
				ENABLE_NS_ASSERTIONS = NO;
				ENABLE_STRICT_OBJC_MSGSEND = YES;
				GCC_C_LANGUAGE_STANDARD = gnu99;
				GCC_NO_COMMON_BLOCKS = YES;
				GCC_WARN_64_TO_32_BIT_CONVERSION = YES;
				GCC_WARN_ABOUT_RETURN_TYPE = YES_ERROR;
				GCC_WARN_UNDECLARED_SELECTOR = YES;
				GCC_WARN_UNINITIALIZED_AUTOS = YES_AGGRESSIVE;
				GCC_WARN_UNUSED_FUNCTION = YES;
				GCC_WARN_UNUSED_VARIABLE = YES;
				IPHONEOS_DEPLOYMENT_TARGET = 9.2;
				MTL_ENABLE_DEBUG_INFO = NO;
				SDKROOT = iphoneos;
				TARGETED_DEVICE_FAMILY = "1,2";
				VALIDATE_PRODUCT = YES;
			};
			name = Release;
		};
		C70BABAD1C4C41BA003125AE /* Debug */ = {
			isa = XCBuildConfiguration;
			buildSettings = {
				ASSETCATALOG_COMPILER_APPICON_NAME = AppIcon;
				INFOPLIST_FILE = BuildUICollectionViewProg/Info.plist;
				LD_RUNPATH_SEARCH_PATHS = "$(inherited) @executable_path/Frameworks";
				PRODUCT_BUNDLE_IDENTIFIER = com.mobilefifteen.BuildUICollectionViewProg;
				PRODUCT_NAME = "$(TARGET_NAME)";
			};
			name = Debug;
		};
		C70BABAE1C4C41BA003125AE /* Release */ = {
			isa = XCBuildConfiguration;
			buildSettings = {
				ASSETCATALOG_COMPILER_APPICON_NAME = AppIcon;
				INFOPLIST_FILE = BuildUICollectionViewProg/Info.plist;
				LD_RUNPATH_SEARCH_PATHS = "$(inherited) @executable_path/Frameworks";
				PRODUCT_BUNDLE_IDENTIFIER = com.mobilefifteen.BuildUICollectionViewProg;
				PRODUCT_NAME = "$(TARGET_NAME)";
			};
			name = Release;
		};
/* End XCBuildConfiguration section */

/* Begin XCConfigurationList section */
		C70BAB951C4C41BA003125AE /* Build configuration list for PBXProject "BuildUICollectionViewProg" */ = {
			isa = XCConfigurationList;
			buildConfigurations = (
				C70BABAA1C4C41BA003125AE /* Debug */,
				C70BABAB1C4C41BA003125AE /* Release */,
			);
			defaultConfigurationIsVisible = 0;
			defaultConfigurationName = Release;
		};
		C70BABAC1C4C41BA003125AE /* Build configuration list for PBXNativeTarget "BuildUICollectionViewProg" */ = {
			isa = XCConfigurationList;
			buildConfigurations = (
				C70BABAD1C4C41BA003125AE /* Debug */,
				C70BABAE1C4C41BA003125AE /* Release */,
			);
			defaultConfigurationIsVisible = 0;
		};
/* End XCConfigurationList section */
	};
	rootObject = C70BAB921C4C41BA003125AE /* Project object */;
}
